
Microsoft Visual Studio Solution File, Format Version 12.00
# Visual Studio 15
VisualStudioVersion = 15.0.27729.1
MinimumVisualStudioVersion = 10.0.40219.1
Project("{FAE04EC0-301F-11D3-BF4B-00C04F79EFBC}") = "LGRS232", "LG43UD79\LGRS232.csproj", "{3A3FEA80-2C37-4334-A1DB-0A34C89868D8}"
EndProject
Global
	GlobalSection(SolutionConfigurationPlatforms) = preSolution
		Debug|Any CPU = Debug|Any CPU
		Release|Any CPU = Release|Any CPU
	EndGlobalSection
	GlobalSection(ProjectConfigurationPlatforms) = postSolution
		{3A3FEA80-2C37-4334-A1DB-0A34C89868D8}.Debug|Any CPU.ActiveCfg = Debug|Any CPU
		{3A3FEA80-2C37-4334-A1DB-0A34C89868D8}.Debug|Any CPU.Build.0 = Debug|Any CPU
		{3A3FEA80-2C37-4334-A1DB-0A34C89868D8}.Release|Any CPU.ActiveCfg = Release|Any CPU
		{3A3FEA80-2C37-4334-A1DB-0A34C89868D8}.Release|Any CPU.Build.0 = Release|Any CPU
	EndGlobalSection
	GlobalSection(SolutionProperties) = preSolution
		HideSolutionNode = FALSE
	EndGlobalSection
	GlobalSection(ExtensibilityGlobals) = postSolution
		SolutionGuid = {163C7B43-B1AA-4E04-8104-FC8E8C548C5A}
	EndGlobalSection
EndGlobal
